
Microsoft Visual Studio Solution File, Format Version 12.00
# Visual Studio Version 16
VisualStudioVersion = 16.0.30711.63
MinimumVisualStudioVersion = 10.0.40219.1
Project("{FAE04EC0-301F-11D3-BF4B-00C04F79EFBC}") = "AWSDynamoDB", "AWSDynamoDB\AWSDynamoDB.csproj", "{47478684-EB26-4A60-9169-7C30AB5D976D}"
EndProject
Project("{FAE04EC0-301F-11D3-BF4B-00C04F79EFBC}") = "MovieRank.Libs", "MovieRank.Libs\MovieRank.Libs.csproj", "{07FA8274-4E89-4ECD-BFD2-4569A1C46959}"
EndProject
Project("{FAE04EC0-301F-11D3-BF4B-00C04F79EFBC}") = "MovieRank.Contracts", "MovieRank.Contracts\MovieRank.Contracts.csproj", "{93E16781-FF55-431C-8E82-FEB7AD52FF02}"
EndProject
Global
	GlobalSection(SolutionConfigurationPlatforms) = preSolution
		Debug|Any CPU = Debug|Any CPU
		Release|Any CPU = Release|Any CPU
	EndGlobalSection
	GlobalSection(ProjectConfigurationPlatforms) = postSolution
		{47478684-EB26-4A60-9169-7C30AB5D976D}.Debug|Any CPU.ActiveCfg = Debug|Any CPU
		{47478684-EB26-4A60-9169-7C30AB5D976D}.Debug|Any CPU.Build.0 = Debug|Any CPU
		{47478684-EB26-4A60-9169-7C30AB5D976D}.Release|Any CPU.ActiveCfg = Release|Any CPU
		{47478684-EB26-4A60-9169-7C30AB5D976D}.Release|Any CPU.Build.0 = Release|Any CPU
		{07FA8274-4E89-4ECD-BFD2-4569A1C46959}.Debug|Any CPU.ActiveCfg = Debug|Any CPU
		{07FA8274-4E89-4ECD-BFD2-4569A1C46959}.Debug|Any CPU.Build.0 = Debug|Any CPU
		{07FA8274-4E89-4ECD-BFD2-4569A1C46959}.Release|Any CPU.ActiveCfg = Release|Any CPU
		{07FA8274-4E89-4ECD-BFD2-4569A1C46959}.Release|Any CPU.Build.0 = Release|Any CPU
		{93E16781-FF55-431C-8E82-FEB7AD52FF02}.Debug|Any CPU.ActiveCfg = Debug|Any CPU
		{93E16781-FF55-431C-8E82-FEB7AD52FF02}.Debug|Any CPU.Build.0 = Debug|Any CPU
		{93E16781-FF55-431C-8E82-FEB7AD52FF02}.Release|Any CPU.ActiveCfg = Release|Any CPU
		{93E16781-FF55-431C-8E82-FEB7AD52FF02}.Release|Any CPU.Build.0 = Release|Any CPU
	EndGlobalSection
	GlobalSection(SolutionProperties) = preSolution
		HideSolutionNode = FALSE
	EndGlobalSection
	GlobalSection(ExtensibilityGlobals) = postSolution
		SolutionGuid = {9AB4D4C9-570A-458E-8BD6-D61A84CC650F}
	EndGlobalSection
EndGlobal
